
Microsoft Visual Studio Solution File, Format Version 12.00
# Visual Studio Version 16
VisualStudioVersion = 16.0.30309.148
MinimumVisualStudioVersion = 10.0.40219.1
Project("{FAE04EC0-301F-11D3-BF4B-00C04F79EFBC}") = "API", "API\API.csproj", "{A97C8C49-1A5A-4686-A6BC-16515D095D50}"
EndProject
Project("{FAE04EC0-301F-11D3-BF4B-00C04F79EFBC}") = "TestsAPI", "TestsAPI\TestsAPI.csproj", "{C803E98C-57F1-4C60-BA13-55182223C9E5}"
EndProject
Global
	GlobalSection(SolutionConfigurationPlatforms) = preSolution
		Debug|Any CPU = Debug|Any CPU
		Release|Any CPU = Release|Any CPU
	EndGlobalSection
	GlobalSection(ProjectConfigurationPlatforms) = postSolution
		{A97C8C49-1A5A-4686-A6BC-16515D095D50}.Debug|Any CPU.ActiveCfg = Debug|Any CPU
		{A97C8C49-1A5A-4686-A6BC-16515D095D50}.Debug|Any CPU.Build.0 = Debug|Any CPU
		{A97C8C49-1A5A-4686-A6BC-16515D095D50}.Release|Any CPU.ActiveCfg = Release|Any CPU
		{A97C8C49-1A5A-4686-A6BC-16515D095D50}.Release|Any CPU.Build.0 = Release|Any CPU
		{C803E98C-57F1-4C60-BA13-55182223C9E5}.Debug|Any CPU.ActiveCfg = Debug|Any CPU
		{C803E98C-57F1-4C60-BA13-55182223C9E5}.Debug|Any CPU.Build.0 = Debug|Any CPU
		{C803E98C-57F1-4C60-BA13-55182223C9E5}.Release|Any CPU.ActiveCfg = Release|Any CPU
		{C803E98C-57F1-4C60-BA13-55182223C9E5}.Release|Any CPU.Build.0 = Release|Any CPU
	EndGlobalSection
	GlobalSection(SolutionProperties) = preSolution
		HideSolutionNode = FALSE
	EndGlobalSection
	GlobalSection(ExtensibilityGlobals) = postSolution
		SolutionGuid = {2B97D912-1A60-491D-B55B-26C84A7D334D}
	EndGlobalSection
EndGlobal
